
Microsoft Visual Studio Solution File, Format Version 12.00
# Visual Studio Version 17
VisualStudioVersion = 17.0.31903.59
MinimumVisualStudioVersion = 10.0.40219.1
Project("{2150E333-8FDC-42A3-9474-1A3956D46DE8}") = "0-AppService", "0-AppService", "{6B57BD1C-4F19-4C14-ABBE-4F45EE270365}"
EndProject
Project("{2150E333-8FDC-42A3-9474-1A3956D46DE8}") = "1-Application", "1-Application", "{0DDF9454-71FE-4646-B03F-C3B480548155}"
EndProject
Project("{2150E333-8FDC-42A3-9474-1A3956D46DE8}") = "2-Domain", "2-Domain", "{459432DE-A462-414D-86C1-CE6847E11E6F}"
EndProject
Project("{2150E333-8FDC-42A3-9474-1A3956D46DE8}") = "3-Infra", "3-Infra", "{AA0E4BFF-EB0C-4BA6-BAEE-B7197EE02DCB}"
EndProject
Project("{2150E333-8FDC-42A3-9474-1A3956D46DE8}") = "4-Tests", "4-Tests", "{E1F809CD-E00A-4DFC-9701-A0923BDC08F6}"
EndProject
Project("{FAE04EC0-301F-11D3-BF4B-00C04F79EFBC}") = "ASP.Api", "ASP.Api\ASP.Api.csproj", "{CA029669-B01B-4BD6-9593-3BC85CE66CF0}"
EndProject
Project("{FAE04EC0-301F-11D3-BF4B-00C04F79EFBC}") = "ASP.Application", "ASP.Application\ASP.Application.csproj", "{1C7F991F-AEB8-47CC-8A3C-AE52D46D638D}"
EndProject
Project("{FAE04EC0-301F-11D3-BF4B-00C04F79EFBC}") = "ASP.Domain", "ASP.Domain\ASP.Domain.csproj", "{0EA0C367-9D6F-40EA-A720-D376A83B9CFB}"
EndProject
Project("{2150E333-8FDC-42A3-9474-1A3956D46DE8}") = "3.1-CrossCutting", "3.1-CrossCutting", "{D169F492-E906-415F-A366-E41C250A83E6}"
EndProject
Project("{2150E333-8FDC-42A3-9474-1A3956D46DE8}") = "3.2-Database", "3.2-Database", "{7FF25EF0-B58B-4BAF-B605-68434A593021}"
EndProject
Project("{FAE04EC0-301F-11D3-BF4B-00C04F79EFBC}") = "ASP.tests", "ASP.tests\ASP.tests.csproj", "{DD8E27F0-8E6B-481D-BC25-804C83BAD953}"
EndProject
Project("{FAE04EC0-301F-11D3-BF4B-00C04F79EFBC}") = "ASP.Infra.Database", "ASP.Infra.Database\ASP.Infra.Database.csproj", "{8C97A701-3B80-4DC1-BFC9-B6656DF5D78A}"
EndProject
Global
	GlobalSection(SolutionConfigurationPlatforms) = preSolution
		Debug|Any CPU = Debug|Any CPU
		Release|Any CPU = Release|Any CPU
	EndGlobalSection
	GlobalSection(ProjectConfigurationPlatforms) = postSolution
		{CA029669-B01B-4BD6-9593-3BC85CE66CF0}.Debug|Any CPU.ActiveCfg = Debug|Any CPU
		{CA029669-B01B-4BD6-9593-3BC85CE66CF0}.Debug|Any CPU.Build.0 = Debug|Any CPU
		{CA029669-B01B-4BD6-9593-3BC85CE66CF0}.Release|Any CPU.ActiveCfg = Release|Any CPU
		{CA029669-B01B-4BD6-9593-3BC85CE66CF0}.Release|Any CPU.Build.0 = Release|Any CPU
		{1C7F991F-AEB8-47CC-8A3C-AE52D46D638D}.Debug|Any CPU.ActiveCfg = Debug|Any CPU
		{1C7F991F-AEB8-47CC-8A3C-AE52D46D638D}.Debug|Any CPU.Build.0 = Debug|Any CPU
		{1C7F991F-AEB8-47CC-8A3C-AE52D46D638D}.Release|Any CPU.ActiveCfg = Release|Any CPU
		{1C7F991F-AEB8-47CC-8A3C-AE52D46D638D}.Release|Any CPU.Build.0 = Release|Any CPU
		{0EA0C367-9D6F-40EA-A720-D376A83B9CFB}.Debug|Any CPU.ActiveCfg = Debug|Any CPU
		{0EA0C367-9D6F-40EA-A720-D376A83B9CFB}.Debug|Any CPU.Build.0 = Debug|Any CPU
		{0EA0C367-9D6F-40EA-A720-D376A83B9CFB}.Release|Any CPU.ActiveCfg = Release|Any CPU
		{0EA0C367-9D6F-40EA-A720-D376A83B9CFB}.Release|Any CPU.Build.0 = Release|Any CPU
		{DD8E27F0-8E6B-481D-BC25-804C83BAD953}.Debug|Any CPU.ActiveCfg = Debug|Any CPU
		{DD8E27F0-8E6B-481D-BC25-804C83BAD953}.Debug|Any CPU.Build.0 = Debug|Any CPU
		{DD8E27F0-8E6B-481D-BC25-804C83BAD953}.Release|Any CPU.ActiveCfg = Release|Any CPU
		{DD8E27F0-8E6B-481D-BC25-804C83BAD953}.Release|Any CPU.Build.0 = Release|Any CPU
		{8C97A701-3B80-4DC1-BFC9-B6656DF5D78A}.Debug|Any CPU.ActiveCfg = Debug|Any CPU
		{8C97A701-3B80-4DC1-BFC9-B6656DF5D78A}.Debug|Any CPU.Build.0 = Debug|Any CPU
		{8C97A701-3B80-4DC1-BFC9-B6656DF5D78A}.Release|Any CPU.ActiveCfg = Release|Any CPU
		{8C97A701-3B80-4DC1-BFC9-B6656DF5D78A}.Release|Any CPU.Build.0 = Release|Any CPU
	EndGlobalSection
	GlobalSection(SolutionProperties) = preSolution
		HideSolutionNode = FALSE
	EndGlobalSection
	GlobalSection(NestedProjects) = preSolution
		{CA029669-B01B-4BD6-9593-3BC85CE66CF0} = {6B57BD1C-4F19-4C14-ABBE-4F45EE270365}
		{1C7F991F-AEB8-47CC-8A3C-AE52D46D638D} = {0DDF9454-71FE-4646-B03F-C3B480548155}
		{0EA0C367-9D6F-40EA-A720-D376A83B9CFB} = {459432DE-A462-414D-86C1-CE6847E11E6F}
		{D169F492-E906-415F-A366-E41C250A83E6} = {AA0E4BFF-EB0C-4BA6-BAEE-B7197EE02DCB}
		{7FF25EF0-B58B-4BAF-B605-68434A593021} = {AA0E4BFF-EB0C-4BA6-BAEE-B7197EE02DCB}
		{DD8E27F0-8E6B-481D-BC25-804C83BAD953} = {E1F809CD-E00A-4DFC-9701-A0923BDC08F6}
		{8C97A701-3B80-4DC1-BFC9-B6656DF5D78A} = {7FF25EF0-B58B-4BAF-B605-68434A593021}
	EndGlobalSection
	GlobalSection(ExtensibilityGlobals) = postSolution
		SolutionGuid = {6038FCE0-BF94-48F9-B0D7-8103EC812F73}
	EndGlobalSection
EndGlobal
